{
  "object": {
    "pins": [
      {
        "package": "PageView",
        "repositoryURL": "git@github.com:fredyshox/PageView.git",
        "state": {
          "branch": "master",
          "revision": "af6ba74007fad3a6ab81669d894d41f5daaa1c31",
          "version": null
        }
      }
    ]
  },
  "version": 1
}
