{
  "object": {
    "pins": [
      {
        "package": "PageView",
        "repositoryURL": "git@github.com:fredyshox/PageView.git",
        "state": {
          "branch": "master",
          "revision": "4b9d9094b061d4db3eb5bc44eadb56b50928d019",
          "version": null
        }
      }
    ]
  },
  "version": 1
}
